<?xml version="1.0" encoding="utf-8"?>
<Project ToolsVersion="4.0" xmlns="http://schemas.microsoft.com/developer/msbuild/2003">
  <ItemGroup>
    <Filter Include="Utility">
      <UniqueIdentifier>{1488d60d-c4e6-4b9c-a2c6-9567e3761e2a}</UniqueIdentifier>
    </Filter>
    <Filter Include="Resources">
      <UniqueIdentifier>{6b22c755-cc6a-4514-8570-fa2af0257c62}</UniqueIdentifier>
    </Filter>
    <Filter Include="I/O">
      <UniqueIdentifier>{fef29dd7-a12e-4bc9-bad1-acef526749ca}</UniqueIdentifier>
    </Filter>
    <Filter Include="License">
      <UniqueIdentifier>{0918e0ad-45f7-4ec8-b708-da9c7381f8f9}</UniqueIdentifier>
    </Filter>
    <Filter Include="Core">
      <UniqueIdentifier>{60a38fce-ceda-4114-82a7-bfa3967340ef}</UniqueIdentifier>
    </Filter>
    <Filter Include="Nexus">
      <UniqueIdentifier>{993a9eb2-156b-448f-b18d-1c68906412c2}</UniqueIdentifier>
    </Filter>
    <Filter Include="Services">
      <UniqueIdentifier>{514d7d9d-1380-4dfd-b7d6-adb09fda5599}</UniqueIdentifier>
    </Filter>
    <Filter Include="Xon">
      <UniqueIdentifier>{61596016-1e80-48d2-88d1-a5d111802af7}</UniqueIdentifier>
    </Filter>
    <Filter Include="Math">
      <UniqueIdentifier>{59f8b776-ab40-4ba5-b7dc-3b4704c25ddc}</UniqueIdentifier>
    </Filter>
    <Filter Include="Storage">
      <UniqueIdentifier>{ce3a2fd4-acac-451e-943f-ef584aab68bb}</UniqueIdentifier>
    </Filter>
    <Filter Include="Net">
      <UniqueIdentifier>{84b35116-7435-4365-8154-b7cfd069c6bc}</UniqueIdentifier>
    </Filter>
  </ItemGroup>
  <ItemGroup>
    <ClInclude Include="Resources\resource.h">
      <Filter>Resources</Filter>
    </ClInclude>
    <ClInclude Include="Angle.h">
      <Filter>Math</Filter>
    </ClInclude>
    <ClInclude Include="Animated.h">
      <Filter>Math</Filter>
    </ClInclude>
    <ClInclude Include="BBox.h">
      <Filter>Math</Filter>
    </ClInclude>
    <ClInclude Include="Converter.h">
      <Filter>Utility</Filter>
    </ClInclude>
    <ClInclude Include="Buffer.h">
      <Filter>Utility</Filter>
    </ClInclude>
    <ClInclude Include="CpuMonitor.h">
      <Filter>Utility</Filter>
    </ClInclude>
    <ClInclude Include="Exception.h">
      <Filter>Utility</Filter>
    </ClInclude>
    <ClInclude Include="FastDelegateBind.h">
      <Filter>Utility</Filter>
    </ClInclude>
    <ClInclude Include="Event.h">
      <Filter>Utility</Filter>
    </ClInclude>
    <ClInclude Include="GdiRect.h">
      <Filter>Math</Filter>
    </ClInclude>
    <ClInclude Include="FileService.h">
      <Filter>I/O</Filter>
    </ClInclude>
    <ClInclude Include="FileStream.h">
      <Filter>I/O</Filter>
    </ClInclude>
    <ClInclude Include="IFileService.h">
      <Filter>I/O</Filter>
    </ClInclude>
    <ClInclude Include="IWriter.h">
      <Filter>I/O</Filter>
    </ClInclude>
    <ClInclude Include="IWriterProgress.h">
      <Filter>I/O</Filter>
    </ClInclude>
    <ClInclude Include="MemoryStream.h">
      <Filter>I/O</Filter>
    </ClInclude>
    <ClInclude Include="WritePool.h">
      <Filter>I/O</Filter>
    </ClInclude>
    <ClInclude Include="Zip.h">
      <Filter>I/O</Filter>
    </ClInclude>
    <ClInclude Include="ZipStream.h">
      <Filter>I/O</Filter>
    </ClInclude>
    <ClInclude Include="Diagnostic.h">
      <Filter>Core</Filter>
    </ClInclude>
    <ClInclude Include="IOs.h">
      <Filter>Core</Filter>
    </ClInclude>
    <ClInclude Include="IType.h">
      <Filter>Core</Filter>
    </ClInclude>
    <ClInclude Include="Matrix.h">
      <Filter>Math</Filter>
    </ClInclude>
    <ClInclude Include="Rect.h">
      <Filter>Math</Filter>
    </ClInclude>
    <ClInclude Include="Transformation.h">
      <Filter>Math</Filter>
    </ClInclude>
    <ClInclude Include="Version.h">
      <Filter>Math</Filter>
    </ClInclude>
    <ClInclude Include="IPerformanceCounter.h">
      <Filter>Core</Filter>
    </ClInclude>
    <ClInclude Include="Log.h">
      <Filter>Core</Filter>
    </ClInclude>
    <ClInclude Include="LogView.h">
      <Filter>Core</Filter>
    </ClInclude>
    <ClInclude Include="Mmc.h">
      <Filter>Core</Filter>
    </ClInclude>
    <ClInclude Include="NativeWindow.h">
      <Filter>Core</Filter>
    </ClInclude>
    <ClInclude Include="Supervisor.h">
      <Filter>Core</Filter>
    </ClInclude>
    <ClInclude Include="Thread.h">
      <Filter>Utility</Filter>
    </ClInclude>
    <ClInclude Include="Timer.h">
      <Filter>Utility</Filter>
    </ClInclude>
    <ClInclude Include="Meta.h">
      <Filter>Utility</Filter>
    </ClInclude>
    <ClInclude Include="PerformanceCounter.h">
      <Filter>Utility</Filter>
    </ClInclude>
    <ClInclude Include="Plane.h">
      <Filter>Math</Filter>
    </ClInclude>
    <ClInclude Include="StaticArray.h">
      <Filter>Utility</Filter>
    </ClInclude>
    <ClInclude Include="LicenseService.h">
      <Filter>License</Filter>
    </ClInclude>
    <ClInclude Include="EmptyLicenseService.h">
      <Filter>License</Filter>
    </ClInclude>
    <ClInclude Include="ILicenseService.h">
      <Filter>License</Filter>
    </ClInclude>
    <ClInclude Include="License.h">
      <Filter>License</Filter>
    </ClInclude>
    <ClInclude Include="Globals.h" />
    <ClInclude Include="Animation.h">
      <Filter>Math</Filter>
    </ClInclude>
    <ClInclude Include="String.h" />
    <ClInclude Include="Array.h" />
    <ClInclude Include="List.h" />
    <ClInclude Include="Url.h">
      <Filter>Nexus</Filter>
    </ClInclude>
    <ClInclude Include="Config.h">
      <Filter>Xon</Filter>
    </ClInclude>
    <ClInclude Include="ISerializable.h" />
    <ClInclude Include="Stream.h">
      <Filter>I/O</Filter>
    </ClInclude>
    <ClInclude Include="Shared.h" />
    <ClInclude Include="DiagGrid.h">
      <Filter>Core</Filter>
    </ClInclude>
    <ClInclude Include="Nexus.h">
      <Filter>Nexus</Filter>
    </ClInclude>
    <ClInclude Include="Core.h">
      <Filter>Core</Filter>
    </ClInclude>
    <ClInclude Include="RefList.h" />
    <ClInclude Include="Float2.h">
      <Filter>Math</Filter>
    </ClInclude>
    <ClInclude Include="Float3.h">
      <Filter>Math</Filter>
    </ClInclude>
    <ClInclude Include="Float4.h">
      <Filter>Math</Filter>
    </ClInclude>
    <ClInclude Include="Timings.h">
      <Filter>Core</Filter>
    </ClInclude>
    <ClInclude Include="DiagnosticView.h">
      <Filter>Core</Filter>
    </ClInclude>
    <ClInclude Include="Float6.h">
      <Filter>Math</Filter>
    </ClInclude>
    <ClInclude Include="Guid.h" />
    <ClInclude Include="NexusObject.h">
      <Filter>Nexus</Filter>
    </ClInclude>
    <ClInclude Include="FastDelegate.h">
      <Filter>Utility</Filter>
    </ClInclude>
    <ClInclude Include="UniversalDelegate.h">
      <Filter>Utility</Filter>
    </ClInclude>
    <ClInclude Include="WebInformer.h">
      <Filter>Services</Filter>
    </ClInclude>
    <ClInclude Include="SerializableBuffer.h">
      <Filter>Utility</Filter>
    </ClInclude>
    <ClInclude Include="Protocol.h">
      <Filter>Nexus</Filter>
    </ClInclude>
    <ClInclude Include="Connection.h">
      <Filter>Nexus</Filter>
    </ClInclude>
    <ClInclude Include="XonDocument.h">
      <Filter>Xon</Filter>
    </ClInclude>
    <ClInclude Include="Xon.h">
      <Filter>Xon</Filter>
    </ClInclude>
    <ClInclude Include="File.h">
      <Filter>Storage</Filter>
    </ClInclude>
    <ClInclude Include="Level2.h">
      <Filter>Nexus</Filter>
    </ClInclude>
    <ClInclude Include="Directory.h">
      <Filter>Storage</Filter>
    </ClInclude>
    <ClInclude Include="IExecutorProtocol.h">
      <Filter>Nexus</Filter>
    </ClInclude>
    <ClInclude Include="targetver.h">
      <Filter>Resources</Filter>
    </ClInclude>
    <ClInclude Include="Assembly.h">
      <Filter>Resources</Filter>
    </ClInclude>
    <ClInclude Include="XonReader.h">
      <Filter>Xon</Filter>
    </ClInclude>
    <ClInclude Include="XonWriter.h">
      <Filter>Xon</Filter>
    </ClInclude>
    <ClInclude Include="Quaternion.h">
      <Filter>Math</Filter>
    </ClInclude>
    <ClInclude Include="Base58.h">
      <Filter>Utility</Filter>
    </ClInclude>
    <ClInclude Include="ILevel.h">
      <Filter>Core</Filter>
    </ClInclude>
    <ClInclude Include="Float2Array.h">
      <Filter>Xon</Filter>
    </ClInclude>
    <ClInclude Include="Float3Array.h">
      <Filter>Xon</Filter>
    </ClInclude>
    <ClInclude Include="FloatArray.h">
      <Filter>Xon</Filter>
    </ClInclude>
    <ClInclude Include="FontDefinition.h">
      <Filter>Utility</Filter>
    </ClInclude>
    <ClInclude Include="Int32Array.h">
      <Filter>Xon</Filter>
    </ClInclude>
    <ClInclude Include="Int32.h">
      <Filter>Math</Filter>
    </ClInclude>
    <ClInclude Include="Float.h">
      <Filter>Math</Filter>
    </ClInclude>
    <ClInclude Include="Bool.h">
      <Filter>Math</Filter>
    </ClInclude>
    <ClInclude Include="stdafx.h" />
    <ClInclude Include="TextReader.h">
      <Filter>I/O</Filter>
    </ClInclude>
    <ClInclude Include="NativeDirectory.h">
      <Filter>I/O</Filter>
    </ClInclude>
    <ClInclude Include="INativeMessageHandler.h">
      <Filter>Core</Filter>
    </ClInclude>
    <ClInclude Include="Security.h">
      <Filter>Core</Filter>
    </ClInclude>
    <ClInclude Include="Sha256.h">
      <Filter>Utility</Filter>
    </ClInclude>
    <ClInclude Include="Include.h" />
    <ClInclude Include="Triangle.h">
      <Filter>Math</Filter>
    </ClInclude>
    <ClInclude Include="AsyncFileStream.h">
      <Filter>I/O</Filter>
    </ClInclude>
    <ClInclude Include="Circle.h">
      <Filter>Math</Filter>
    </ClInclude>
    <ClInclude Include="Uxx.h">
      <Filter>Nexus</Filter>
    </ClInclude>
    <ClInclude Include="IStorageProtocol.h">
      <Filter>Storage</Filter>
    </ClInclude>
    <ClInclude Include="Storage.h">
      <Filter>Storage</Filter>
    </ClInclude>
    <ClInclude Include="Size.h">
      <Filter>Math</Filter>
    </ClInclude>
    <ClInclude Include="Layout.h">
      <Filter>Math</Filter>
    </ClInclude>
    <ClInclude Include="Line.h">
      <Filter>Math</Filter>
    </ClInclude>
    <ClInclude Include="DateTime.h">
      <Filter>Utility</Filter>
    </ClInclude>
    <ClInclude Include="Base64.h">
      <Filter>Utility</Filter>
    </ClInclude>
    <ClInclude Include="PipeClient.h">
      <Filter>I/O</Filter>
    </ClInclude>
    <ClInclude Include="HttpRequest.h">
      <Filter>Net</Filter>
    </ClInclude>
    <ClInclude Include="HttpClient.h">
      <Filter>Net</Filter>
    </ClInclude>
    <ClInclude Include="Server.h">
      <Filter>Nexus</Filter>
    </ClInclude>
    <ClInclude Include="XonValue.h">
      <Filter>Xon</Filter>
    </ClInclude>
    <ClInclude Include="Int64.h">
      <Filter>Math</Filter>
    </ClInclude>
    <ClInclude Include="Polygon.h">
      <Filter>Math</Filter>
    </ClInclude>
    <ClInclude Include="NativePath.h">
      <Filter>Utility</Filter>
    </ClInclude>
    <ClInclude Include="Path.h">
      <Filter>Storage</Filter>
    </ClInclude>
    <ClInclude Include="Map.h" />
    <ClInclude Include="Os.h">
      <Filter>Core</Filter>
    </ClInclude>
    <ClInclude Include="JsonClient.h">
      <Filter>Net</Filter>
    </ClInclude>
  </ItemGroup>
  <ItemGroup>
    <ClCompile Include="Angle.cpp">
      <Filter>Math</Filter>
    </ClCompile>
    <ClCompile Include="Animated.cpp">
      <Filter>Math</Filter>
    </ClCompile>
    <ClCompile Include="BBox.cpp">
      <Filter>Math</Filter>
    </ClCompile>
    <ClCompile Include="Converter.cpp">
      <Filter>Utility</Filter>
    </ClCompile>
    <ClCompile Include="Buffer.cpp">
      <Filter>Utility</Filter>
    </ClCompile>
    <ClCompile Include="CpuMonitor.cpp">
      <Filter>Utility</Filter>
    </ClCompile>
    <ClCompile Include="Exception.cpp">
      <Filter>Utility</Filter>
    </ClCompile>
    <ClCompile Include="FileService.cpp">
      <Filter>I/O</Filter>
    </ClCompile>
    <ClCompile Include="FileStream.cpp">
      <Filter>I/O</Filter>
    </ClCompile>
    <ClCompile Include="MemoryStream.cpp">
      <Filter>I/O</Filter>
    </ClCompile>
    <ClCompile Include="WritePool.cpp">
      <Filter>I/O</Filter>
    </ClCompile>
    <ClCompile Include="Zip.cpp">
      <Filter>I/O</Filter>
    </ClCompile>
    <ClCompile Include="ZipStream.cpp">
      <Filter>I/O</Filter>
    </ClCompile>
    <ClCompile Include="Diagnostic.cpp">
      <Filter>Core</Filter>
    </ClCompile>
    <ClCompile Include="Matrix.cpp">
      <Filter>Math</Filter>
    </ClCompile>
    <ClCompile Include="Rect.cpp">
      <Filter>Math</Filter>
    </ClCompile>
    <ClCompile Include="Transformation.cpp">
      <Filter>Math</Filter>
    </ClCompile>
    <ClCompile Include="Version.cpp">
      <Filter>Math</Filter>
    </ClCompile>
    <ClCompile Include="Log.cpp">
      <Filter>Core</Filter>
    </ClCompile>
    <ClCompile Include="LogView.cpp">
      <Filter>Core</Filter>
    </ClCompile>
    <ClCompile Include="Mmc.cpp">
      <Filter>Core</Filter>
    </ClCompile>
    <ClCompile Include="NativeWindow.cpp">
      <Filter>Core</Filter>
    </ClCompile>
    <ClCompile Include="Supervisor.cpp">
      <Filter>Core</Filter>
    </ClCompile>
    <ClCompile Include="Thread.cpp">
      <Filter>Utility</Filter>
    </ClCompile>
    <ClCompile Include="Timer.cpp">
      <Filter>Utility</Filter>
    </ClCompile>
    <ClCompile Include="Meta.cpp">
      <Filter>Utility</Filter>
    </ClCompile>
    <ClCompile Include="PerformanceCounter.cpp">
      <Filter>Utility</Filter>
    </ClCompile>
    <ClCompile Include="Plane.cpp">
      <Filter>Math</Filter>
    </ClCompile>
    <ClCompile Include="EmptyLicenseService.cpp">
      <Filter>License</Filter>
    </ClCompile>
    <ClCompile Include="License.cpp">
      <Filter>License</Filter>
    </ClCompile>
    <ClCompile Include="LicenseService.cpp">
      <Filter>License</Filter>
    </ClCompile>
    <ClCompile Include="String.cpp" />
    <ClCompile Include="Config.cpp">
      <Filter>Xon</Filter>
    </ClCompile>
    <ClCompile Include="DiagGrid.cpp">
      <Filter>Core</Filter>
    </ClCompile>
    <ClCompile Include="Nexus.cpp">
      <Filter>Nexus</Filter>
    </ClCompile>
    <ClCompile Include="Core.cpp">
      <Filter>Core</Filter>
    </ClCompile>
    <ClCompile Include="Float2.cpp">
      <Filter>Math</Filter>
    </ClCompile>
    <ClCompile Include="Float3.cpp">
      <Filter>Math</Filter>
    </ClCompile>
    <ClCompile Include="Float4.cpp">
      <Filter>Math</Filter>
    </ClCompile>
    <ClCompile Include="DiagnosticView.cpp">
      <Filter>Core</Filter>
    </ClCompile>
    <ClCompile Include="WebInformer.cpp">
      <Filter>Services</Filter>
    </ClCompile>
    <ClCompile Include="SerializableBuffer.cpp">
      <Filter>Utility</Filter>
    </ClCompile>
    <ClCompile Include="XonDocument.cpp">
      <Filter>Xon</Filter>
    </ClCompile>
    <ClCompile Include="Xon.cpp">
      <Filter>Xon</Filter>
    </ClCompile>
    <ClCompile Include="NexusObject.cpp">
      <Filter>Nexus</Filter>
    </ClCompile>
    <ClCompile Include="Shared.cpp" />
    <ClCompile Include="Url.cpp">
      <Filter>Nexus</Filter>
    </ClCompile>
    <ClCompile Include="File.cpp">
      <Filter>Storage</Filter>
    </ClCompile>
    <ClCompile Include="Directory.cpp">
      <Filter>Storage</Filter>
    </ClCompile>
    <ClCompile Include="Guid.cpp" />
    <ClCompile Include="stdafx.cpp">
      <Filter>Resources</Filter>
    </ClCompile>
    <ClCompile Include="XonReader.cpp">
      <Filter>Xon</Filter>
    </ClCompile>
    <ClCompile Include="XonWriter.cpp">
      <Filter>Xon</Filter>
    </ClCompile>
    <ClCompile Include="Quaternion.cpp">
      <Filter>Math</Filter>
    </ClCompile>
    <ClCompile Include="Base58.cpp">
      <Filter>Utility</Filter>
    </ClCompile>
    <ClCompile Include="GdiRect.cpp">
      <Filter>Math</Filter>
    </ClCompile>
    <ClCompile Include="Float2Array.cpp">
      <Filter>Xon</Filter>
    </ClCompile>
    <ClCompile Include="Float3Array.cpp">
      <Filter>Xon</Filter>
    </ClCompile>
    <ClCompile Include="FloatArray.cpp">
      <Filter>Xon</Filter>
    </ClCompile>
    <ClCompile Include="Int32Array.cpp">
      <Filter>Xon</Filter>
    </ClCompile>
    <ClCompile Include="Int32.cpp">
      <Filter>Math</Filter>
    </ClCompile>
    <ClCompile Include="Float.cpp">
      <Filter>Math</Filter>
    </ClCompile>
    <ClCompile Include="Bool.cpp">
      <Filter>Math</Filter>
    </ClCompile>
    <ClCompile Include="NativeDirectory.cpp">
      <Filter>I/O</Filter>
    </ClCompile>
    <ClCompile Include="Security.cpp">
      <Filter>Core</Filter>
    </ClCompile>
    <ClCompile Include="Sha256.cpp">
      <Filter>Utility</Filter>
    </ClCompile>
    <ClCompile Include="Float6.cpp">
      <Filter>Math</Filter>
    </ClCompile>
    <ClCompile Include="Triangle.cpp">
      <Filter>Math</Filter>
    </ClCompile>
    <ClCompile Include="Uxx.cpp">
      <Filter>Nexus</Filter>
    </ClCompile>
    <ClCompile Include="Storage.cpp">
      <Filter>Storage</Filter>
    </ClCompile>
    <ClCompile Include="Size.cpp">
      <Filter>Math</Filter>
    </ClCompile>
    <ClCompile Include="Layout.cpp">
      <Filter>Math</Filter>
    </ClCompile>
    <ClCompile Include="Line.cpp">
      <Filter>Math</Filter>
    </ClCompile>
    <ClCompile Include="Server.cpp">
      <Filter>Nexus</Filter>
    </ClCompile>
    <ClCompile Include="HttpRequest.cpp">
      <Filter>Net</Filter>
    </ClCompile>
    <ClCompile Include="Base64.cpp">
      <Filter>Utility</Filter>
    </ClCompile>
    <ClCompile Include="Int64.cpp">
      <Filter>Math</Filter>
    </ClCompile>
    <ClCompile Include="DateTime.cpp">
      <Filter>Utility</Filter>
    </ClCompile>
    <ClCompile Include="Polygon.cpp">
      <Filter>Math</Filter>
    </ClCompile>
    <ClCompile Include="NativePath.cpp">
      <Filter>Utility</Filter>
    </ClCompile>
    <ClCompile Include="Path.cpp">
      <Filter>Storage</Filter>
    </ClCompile>
    <ClCompile Include="Os.cpp">
      <Filter>Core</Filter>
    </ClCompile>
    <ClCompile Include="JsonClient.cpp">
      <Filter>Net</Filter>
    </ClCompile>
  </ItemGroup>
  <ItemGroup>
    <None Include="Resources\lucon.ttf">
      <Filter>Resources</Filter>
    </None>
  </ItemGroup>
  <ItemGroup>
    <ResourceCompile Include="Resources\Primary.rc">
      <Filter>Resources</Filter>
    </ResourceCompile>
  </ItemGroup>
  <ItemGroup>
    <Natvis Include="Main.natvis">
      <Filter>Resources</Filter>
    </Natvis>
  </ItemGroup>
</Project>