<?xml version="1.0" encoding="utf-8"?>
<Project ToolsVersion="4.0" xmlns="http://schemas.microsoft.com/developer/msbuild/2003">
  <ItemGroup>
    <Filter Include="Dlg">
      <UniqueIdentifier>{13f972f1-ae8f-415b-92e0-5d90ad14a764}</UniqueIdentifier>
    </Filter>
    <Filter Include="Resources">
      <UniqueIdentifier>{a199f0da-1f49-49ff-a71b-acbb8d5e5cfb}</UniqueIdentifier>
    </Filter>
  </ItemGroup>
  <ItemGroup>
    <ClInclude Include="IProcessHandler.h">
      <Filter>Dlg</Filter>
    </ClInclude>
    <ClInclude Include="MainDlg.h">
      <Filter>Dlg</Filter>
    </ClInclude>
    <ClInclude Include="ProcessDlg.h">
      <Filter>Dlg</Filter>
    </ClInclude>
    <ClInclude Include="Resources\resource.h">
      <Filter>Resources</Filter>
    </ClInclude>
    <ClInclude Include="MaterialFactory.h" />
    <ClInclude Include="MaxExportHelper.h" />
    <ClInclude Include="MeshFactory.h" />
    <ClInclude Include="Source.h" />
    <ClInclude Include="stdafx.h" />
    <ClInclude Include="VwmCamera.h" />
    <ClInclude Include="VwmExporter.h" />
    <ClInclude Include="VwmMaterial.h" />
    <ClInclude Include="VwmMesh.h" />
    <ClInclude Include="VwmNode.h" />
    <ClInclude Include="VwmLight.h" />
    <ClInclude Include="MaxPlugin.h" />
    <ClInclude Include="VwmSceneExport.h" />
    <ClInclude Include="Assembly.h">
      <Filter>Resources</Filter>
    </ClInclude>
  </ItemGroup>
  <ItemGroup>
    <ClCompile Include="MainDlg.cpp">
      <Filter>Dlg</Filter>
    </ClCompile>
    <ClCompile Include="ProcessDlg.cpp">
      <Filter>Dlg</Filter>
    </ClCompile>
    <ClCompile Include="MaterialFactory.cpp" />
    <ClCompile Include="MaxExportHelper.cpp" />
    <ClCompile Include="MeshFactory.cpp" />
    <ClCompile Include="stdafx.cpp" />
    <ClCompile Include="VwmCamera.cpp" />
    <ClCompile Include="VwmExporter.cpp" />
    <ClCompile Include="VwmMaterial.cpp" />
    <ClCompile Include="VwmMesh.cpp" />
    <ClCompile Include="VwmNode.cpp" />
    <ClCompile Include="VwmLight.cpp" />
    <ClCompile Include="MaxPlugin.cpp" />
    <ClCompile Include="VwmSceneExport.cpp" />
  </ItemGroup>
  <ItemGroup>
    <ResourceCompile Include="Resources\Version.rc">
      <Filter>Resources</Filter>
    </ResourceCompile>
    <ResourceCompile Include="Resources\VwmExporter.rc">
      <Filter>Resources</Filter>
    </ResourceCompile>
  </ItemGroup>
</Project>