
Microsoft Visual Studio Solution File, Format Version 12.00
# Visual Studio Version 17
VisualStudioVersion = 17.4.33403.182
MinimumVisualStudioVersion = 10.0.40219.1
Project("{9A19103F-16F7-4668-BE54-9A1E7A4F7556}") = "DemoApplication", "DemoApplication\DemoApplication.csproj", "{1E3A7D51-43B3-4A0A-B121-36A8BFCF43DF}"
EndProject
Project("{9A19103F-16F7-4668-BE54-9A1E7A4F7556}") = "DemoLibraryA", "DemoLibraryA\DemoLibraryA.csproj", "{2F5C96BA-15A8-4E33-A788-1055DB20F5C9}"
EndProject
Project("{9A19103F-16F7-4668-BE54-9A1E7A4F7556}") = "DemoComponent", "DemoComponent\DemoComponent.csproj", "{A39CF84F-2D8E-49A0-87E8-405BC281200D}"
EndProject
Project("{9A19103F-16F7-4668-BE54-9A1E7A4F7556}") = "DemoLibraryAA", "DemoLibraryAA\DemoLibraryAA.csproj", "{6F5ED1B3-7F5F-4980-B318-E2E9E17DFA05}"
EndProject
Global
	GlobalSection(SolutionConfigurationPlatforms) = preSolution
		Debug|Any CPU = Debug|Any CPU
		Release|Any CPU = Release|Any CPU
	EndGlobalSection
	GlobalSection(ProjectConfigurationPlatforms) = postSolution
		{1E3A7D51-43B3-4A0A-B121-36A8BFCF43DF}.Debug|Any CPU.ActiveCfg = Debug|Any CPU
		{1E3A7D51-43B3-4A0A-B121-36A8BFCF43DF}.Debug|Any CPU.Build.0 = Debug|Any CPU
		{1E3A7D51-43B3-4A0A-B121-36A8BFCF43DF}.Release|Any CPU.ActiveCfg = Release|Any CPU
		{1E3A7D51-43B3-4A0A-B121-36A8BFCF43DF}.Release|Any CPU.Build.0 = Release|Any CPU
		{2F5C96BA-15A8-4E33-A788-1055DB20F5C9}.Debug|Any CPU.ActiveCfg = Debug|Any CPU
		{2F5C96BA-15A8-4E33-A788-1055DB20F5C9}.Debug|Any CPU.Build.0 = Debug|Any CPU
		{2F5C96BA-15A8-4E33-A788-1055DB20F5C9}.Release|Any CPU.ActiveCfg = Release|Any CPU
		{2F5C96BA-15A8-4E33-A788-1055DB20F5C9}.Release|Any CPU.Build.0 = Release|Any CPU
		{A39CF84F-2D8E-49A0-87E8-405BC281200D}.Debug|Any CPU.ActiveCfg = Debug|Any CPU
		{A39CF84F-2D8E-49A0-87E8-405BC281200D}.Debug|Any CPU.Build.0 = Debug|Any CPU
		{A39CF84F-2D8E-49A0-87E8-405BC281200D}.Release|Any CPU.ActiveCfg = Release|Any CPU
		{A39CF84F-2D8E-49A0-87E8-405BC281200D}.Release|Any CPU.Build.0 = Release|Any CPU
		{6F5ED1B3-7F5F-4980-B318-E2E9E17DFA05}.Debug|Any CPU.ActiveCfg = Debug|Any CPU
		{6F5ED1B3-7F5F-4980-B318-E2E9E17DFA05}.Debug|Any CPU.Build.0 = Debug|Any CPU
		{6F5ED1B3-7F5F-4980-B318-E2E9E17DFA05}.Release|Any CPU.ActiveCfg = Release|Any CPU
		{6F5ED1B3-7F5F-4980-B318-E2E9E17DFA05}.Release|Any CPU.Build.0 = Release|Any CPU
	EndGlobalSection
	GlobalSection(SolutionProperties) = preSolution
		HideSolutionNode = FALSE
	EndGlobalSection
	GlobalSection(ExtensibilityGlobals) = postSolution
		SolutionGuid = {D8EB28E5-A0C9-4815-A20C-2665BC5BDB4E}
	EndGlobalSection
EndGlobal
